
Microsoft Visual Studio Solution File, Format Version 12.00
# Visual Studio 15
VisualStudioVersion = 15.0.28307.102
MinimumVisualStudioVersion = 10.0.40219.1
Project("{FAE04EC0-301F-11D3-BF4B-00C04F79EFBC}") = "HclFusion", "HclFusion\HclFusion.csproj", "{24516D03-3D76-43E3-9E2E-B5FD2030B069}"
EndProject
Global
	GlobalSection(SolutionConfigurationPlatforms) = preSolution
		Debug|Any CPU = Debug|Any CPU
		Release|Any CPU = Release|Any CPU
	EndGlobalSection
	GlobalSection(ProjectConfigurationPlatforms) = postSolution
		{24516D03-3D76-43E3-9E2E-B5FD2030B069}.Debug|Any CPU.ActiveCfg = Debug|Any CPU
		{24516D03-3D76-43E3-9E2E-B5FD2030B069}.Debug|Any CPU.Build.0 = Debug|Any CPU
		{24516D03-3D76-43E3-9E2E-B5FD2030B069}.Release|Any CPU.ActiveCfg = Release|Any CPU
		{24516D03-3D76-43E3-9E2E-B5FD2030B069}.Release|Any CPU.Build.0 = Release|Any CPU
	EndGlobalSection
	GlobalSection(SolutionProperties) = preSolution
		HideSolutionNode = FALSE
	EndGlobalSection
	GlobalSection(ExtensibilityGlobals) = postSolution
		SolutionGuid = {DC24A39F-4787-4867-AA76-DC2C97074947}
	EndGlobalSection
EndGlobal
